
Microsoft Visual Studio Solution File, Format Version 12.00
# Visual Studio 15
VisualStudioVersion = 15.0.26124.0
MinimumVisualStudioVersion = 15.0.26124.0
Project("{FAE04EC0-301F-11D3-BF4B-00C04F79EFBC}") = "<%= classify(name) %>.Core", "<%= classify(name) %>.Core\<%= classify(name) %>.Core.csproj", "{B24213C5-E6DA-4E3B-8C18-C6E3DB5BB268}"
EndProject
Project("{FAE04EC0-301F-11D3-BF4B-00C04F79EFBC}") = "<%= classify(name) %>.Data", "<%= classify(name) %>.Data\<%= classify(name) %>.Data.csproj", "{A792660F-7280-48E2-AC07-385F9D485C11}"
EndProject
Project("{FAE04EC0-301F-11D3-BF4B-00C04F79EFBC}") = "<%= classify(name) %>.Identity", "<%= classify(name) %>.Identity\<%= classify(name) %>.Identity.csproj", "{27F932CF-BC67-4C74-941A-779A6E6B6DDF}"
EndProject
Project("{FAE04EC0-301F-11D3-BF4B-00C04F79EFBC}") = "<%= classify(name) %>.Identity.Mock", "<%= classify(name) %>.Identity.Mock\<%= classify(name) %>.Identity.Mock.csproj", "{0A67C46E-1632-49EE-A970-61CC4284C423}"
EndProject
Project("{FAE04EC0-301F-11D3-BF4B-00C04F79EFBC}") = "<%= classify(name) %>.Office", "<%= classify(name) %>.Office\<%= classify(name) %>.Office.csproj", "{694A73C0-353E-445C-927C-9A945A173C50}"
EndProject
Project("{FAE04EC0-301F-11D3-BF4B-00C04F79EFBC}") = "<%= classify(name) %>.Sql", "<%= classify(name) %>.Sql\<%= classify(name) %>.Sql.csproj", "{091031A9-B8CE-4282-8A13-9F86209901E1}"
EndProject
Project("{FAE04EC0-301F-11D3-BF4B-00C04F79EFBC}") = "<%= classify(name) %>.Web", "<%= classify(name) %>.Web\<%= classify(name) %>.Web.csproj", "{43F3774B-CF32-42C0-9264-8AC7977DB1EC}"
EndProject
Project("{FAE04EC0-301F-11D3-BF4B-00C04F79EFBC}") = "dbseeder", "dbseeder\dbseeder.csproj", "{00799651-6DDD-4C93-BD56-D16CDA49BC02}"
EndProject
Global
	GlobalSection(SolutionConfigurationPlatforms) = preSolution
		Debug|Any CPU = Debug|Any CPU
		Debug|x64 = Debug|x64
		Debug|x86 = Debug|x86
		Release|Any CPU = Release|Any CPU
		Release|x64 = Release|x64
		Release|x86 = Release|x86
	EndGlobalSection
	GlobalSection(SolutionProperties) = preSolution
		HideSolutionNode = FALSE
	EndGlobalSection
	GlobalSection(ProjectConfigurationPlatforms) = postSolution
		{43F3774B-CF32-42C0-9264-8AC7977DB1EC}.Debug|Any CPU.ActiveCfg = Debug|Any CPU
		{43F3774B-CF32-42C0-9264-8AC7977DB1EC}.Debug|Any CPU.Build.0 = Debug|Any CPU
		{43F3774B-CF32-42C0-9264-8AC7977DB1EC}.Debug|x64.ActiveCfg = Debug|Any CPU
		{43F3774B-CF32-42C0-9264-8AC7977DB1EC}.Debug|x64.Build.0 = Debug|Any CPU
		{43F3774B-CF32-42C0-9264-8AC7977DB1EC}.Debug|x86.ActiveCfg = Debug|Any CPU
		{43F3774B-CF32-42C0-9264-8AC7977DB1EC}.Debug|x86.Build.0 = Debug|Any CPU
		{43F3774B-CF32-42C0-9264-8AC7977DB1EC}.Release|Any CPU.ActiveCfg = Release|Any CPU
		{43F3774B-CF32-42C0-9264-8AC7977DB1EC}.Release|Any CPU.Build.0 = Release|Any CPU
		{43F3774B-CF32-42C0-9264-8AC7977DB1EC}.Release|x64.ActiveCfg = Release|Any CPU
		{43F3774B-CF32-42C0-9264-8AC7977DB1EC}.Release|x64.Build.0 = Release|Any CPU
		{43F3774B-CF32-42C0-9264-8AC7977DB1EC}.Release|x86.ActiveCfg = Release|Any CPU
		{43F3774B-CF32-42C0-9264-8AC7977DB1EC}.Release|x86.Build.0 = Release|Any CPU
		{A792660F-7280-48E2-AC07-385F9D485C11}.Debug|Any CPU.ActiveCfg = Debug|Any CPU
		{A792660F-7280-48E2-AC07-385F9D485C11}.Debug|Any CPU.Build.0 = Debug|Any CPU
		{A792660F-7280-48E2-AC07-385F9D485C11}.Debug|x64.ActiveCfg = Debug|Any CPU
		{A792660F-7280-48E2-AC07-385F9D485C11}.Debug|x64.Build.0 = Debug|Any CPU
		{A792660F-7280-48E2-AC07-385F9D485C11}.Debug|x86.ActiveCfg = Debug|Any CPU
		{A792660F-7280-48E2-AC07-385F9D485C11}.Debug|x86.Build.0 = Debug|Any CPU
		{A792660F-7280-48E2-AC07-385F9D485C11}.Release|Any CPU.ActiveCfg = Release|Any CPU
		{A792660F-7280-48E2-AC07-385F9D485C11}.Release|Any CPU.Build.0 = Release|Any CPU
		{A792660F-7280-48E2-AC07-385F9D485C11}.Release|x64.ActiveCfg = Release|Any CPU
		{A792660F-7280-48E2-AC07-385F9D485C11}.Release|x64.Build.0 = Release|Any CPU
		{A792660F-7280-48E2-AC07-385F9D485C11}.Release|x86.ActiveCfg = Release|Any CPU
		{A792660F-7280-48E2-AC07-385F9D485C11}.Release|x86.Build.0 = Release|Any CPU
		{B24213C5-E6DA-4E3B-8C18-C6E3DB5BB268}.Debug|Any CPU.ActiveCfg = Debug|Any CPU
		{B24213C5-E6DA-4E3B-8C18-C6E3DB5BB268}.Debug|Any CPU.Build.0 = Debug|Any CPU
		{B24213C5-E6DA-4E3B-8C18-C6E3DB5BB268}.Debug|x64.ActiveCfg = Debug|Any CPU
		{B24213C5-E6DA-4E3B-8C18-C6E3DB5BB268}.Debug|x64.Build.0 = Debug|Any CPU
		{B24213C5-E6DA-4E3B-8C18-C6E3DB5BB268}.Debug|x86.ActiveCfg = Debug|Any CPU
		{B24213C5-E6DA-4E3B-8C18-C6E3DB5BB268}.Debug|x86.Build.0 = Debug|Any CPU
		{B24213C5-E6DA-4E3B-8C18-C6E3DB5BB268}.Release|Any CPU.ActiveCfg = Release|Any CPU
		{B24213C5-E6DA-4E3B-8C18-C6E3DB5BB268}.Release|Any CPU.Build.0 = Release|Any CPU
		{B24213C5-E6DA-4E3B-8C18-C6E3DB5BB268}.Release|x64.ActiveCfg = Release|Any CPU
		{B24213C5-E6DA-4E3B-8C18-C6E3DB5BB268}.Release|x64.Build.0 = Release|Any CPU
		{B24213C5-E6DA-4E3B-8C18-C6E3DB5BB268}.Release|x86.ActiveCfg = Release|Any CPU
		{B24213C5-E6DA-4E3B-8C18-C6E3DB5BB268}.Release|x86.Build.0 = Release|Any CPU
		{00799651-6DDD-4C93-BD56-D16CDA49BC02}.Debug|Any CPU.ActiveCfg = Debug|Any CPU
		{00799651-6DDD-4C93-BD56-D16CDA49BC02}.Debug|Any CPU.Build.0 = Debug|Any CPU
		{00799651-6DDD-4C93-BD56-D16CDA49BC02}.Debug|x64.ActiveCfg = Debug|Any CPU
		{00799651-6DDD-4C93-BD56-D16CDA49BC02}.Debug|x64.Build.0 = Debug|Any CPU
		{00799651-6DDD-4C93-BD56-D16CDA49BC02}.Debug|x86.ActiveCfg = Debug|Any CPU
		{00799651-6DDD-4C93-BD56-D16CDA49BC02}.Debug|x86.Build.0 = Debug|Any CPU
		{00799651-6DDD-4C93-BD56-D16CDA49BC02}.Release|Any CPU.ActiveCfg = Release|Any CPU
		{00799651-6DDD-4C93-BD56-D16CDA49BC02}.Release|Any CPU.Build.0 = Release|Any CPU
		{00799651-6DDD-4C93-BD56-D16CDA49BC02}.Release|x64.ActiveCfg = Release|Any CPU
		{00799651-6DDD-4C93-BD56-D16CDA49BC02}.Release|x64.Build.0 = Release|Any CPU
		{00799651-6DDD-4C93-BD56-D16CDA49BC02}.Release|x86.ActiveCfg = Release|Any CPU
		{00799651-6DDD-4C93-BD56-D16CDA49BC02}.Release|x86.Build.0 = Release|Any CPU
	EndGlobalSection
EndGlobal
